{
    "name": "extra_packages_dependencies_gorillajs_plugin",
    "version": "0.0.1",
    "lockfileVersion": 1,
    "requires": true,
    "dependencies": {
        "extend": {
            "version": "1.2.1",
            "resolved": "https://registry.npmjs.org/extend/-/extend-1.2.1.tgz",
            "integrity": "sha1-oPX9bPyDpf5J72mNYOyKYk3UV2w="
        },
        "nan": {
            "version": "2.3.5",
            "resolved": "https://registry.npmjs.org/nan/-/nan-2.3.5.tgz",
            "integrity": "sha1-gioNwmYpDOTNOhIoLKPn42Rmigg="
        },
        "pty.js": {
            "version": "0.3.1",
            "resolved": "https://registry.npmjs.org/pty.js/-/pty.js-0.3.1.tgz",
            "integrity": "sha1-gfW+0zLW5eeraFaI0boDc0ENUbU=",
            "requires": {
                "extend": "1.2.1",
                "nan": "2.3.5"
            }
        }
    }
}
